schema: '2.0'
stages:
  make_dataset:
    cmd: python .\src\data\make_dataset.py .\data\raw\data1.csv 
      .\data\raw\data2.csv
    deps:
    - path: .\data\raw\data1.csv
      hash: md5
      md5: 0686e4fc98617485dba9fdbabbf1c48d
      size: 70794289
    - path: .\data\raw\data2.csv
      hash: md5
      md5: e59c291a4b1c640f1dab33b89daa22e1
      size: 200589097
    - path: .\src\data\make_dataset.py
      hash: md5
      md5: 4c8159885e6d48297c08f13a8ee74b6d
      size: 1445
  build_features:
    cmd: python .\src\features\build_features.py .\data\processed\
    deps:
    - path: .\data\processed\
      hash: md5
      md5: 8c1c64d285e786f88761d0b8e1466201.dir
      size: 270429409
      nfiles: 2
    - path: .\src\features\build_features.py
      hash: md5
      md5: a422ce1e57b6b1ea2c551ec0383743f7
      size: 4936
  train_model:
    cmd: python .\src\models\train_model.py .\data\preprocessed\
    deps:
    - path: .\data\preprocessed\
      hash: md5
      md5: 0ef6ac8b511e88ac8fac0f224a63fc7a.dir
      size: 164080789
      nfiles: 2
    - path: .\src\models\train_model.py
      hash: md5
      md5: 95790bac45fbdd09f5e895333502309e
      size: 3214
  visualize:
    cmd: python .\src\visualization\visualize.py .\models\model.joblib 
      .\data\preprocessed\
    deps:
    - path: .\data\preprocessed\
      hash: md5
      md5: 599d0aaa9952a35fa90fb60bdf2e77b9.dir
      size: 232257911
      nfiles: 2
    - path: .\models\model.joblib
      hash: md5
      md5: 463e496c0133aa4d30dbd8bd7b7aa4f8
      size: 1670449
    - path: .\src\visualization\visualize.py
      hash: md5
      md5: 960b8352fbfb39213c65a0ae7d7da739
      size: 3464
  push_model:
    cmd: python .\src\models\push_model.py
    deps:
    - path: .\src\models\train_model.py
      hash: md5
      md5: 95790bac45fbdd09f5e895333502309e
      size: 3214
  plot_graphs:
    cmd: python .\src\features\plot_graphs.py .\data\preprocessed\
    deps:
    - path: .\data\preprocessed\
      hash: md5
      md5: 0ef6ac8b511e88ac8fac0f224a63fc7a.dir
      size: 164080789
      nfiles: 2
    - path: .\src\features\plot_graphs.py
      hash: md5
      md5: a78286c1a14d981612f3d8789d6b7e29
      size: 6006
